{
  "name": "sendkite-cal",
  "lockfileVersion": 3,
  "requires": true,
  "packages": {
    "": {
      "dependencies": {
        "sendkite-calculator": "^0.0.3"
      }
    },
    "node_modules/sendkite-calculator": {
      "version": "0.0.3",
      "resolved": "https://registry.npmjs.org/sendkite-calculator/-/sendkite-calculator-0.0.3.tgz",
      "integrity": "sha512-eh2nwPV0dTyaXFiPgci+eA0bDTPjBXxexWgwkZJjaF6GBbSQ9ka9ILuPDpsKhpmJmVfV0tFjBO2QDHUv2A+RbA=="
    }
  }
}
