{
  "name": "sendkite-cal",
  "lockfileVersion": 3,
  "requires": true,
  "packages": {
    "": {
      "dependencies": {
        "sendkite-calculator": "^0.0.1"
      }
    },
    "node_modules/sendkite-calculator": {
      "version": "0.0.1",
      "resolved": "https://registry.npmjs.org/sendkite-calculator/-/sendkite-calculator-0.0.1.tgz",
      "integrity": "sha512-tZem0opbUikbc2u2jLSq9Qp7t0Wrkqn4u8nkqbfeIRx9PlzDO5f+kYcg9GYLn2K/Mh4VGCemUzkzUAK2Arg/bg=="
    }
  }
}
